
Microsoft Visual Studio Solution File, Format Version 12.00
# Visual Studio Version 16
VisualStudioVersion = 16.0.28803.156
MinimumVisualStudioVersion = 10.0.40219.1
Project("{2150E333-8FDC-42A3-9474-1A3956D46DE8}") = "Solution Items", "Solution Items", "{55EF3A3F-C0FB-48E1-9420-C8E725BADD68}"
	ProjectSection(SolutionItems) = preProject
		.editorconfig = .editorconfig
		appveyor.yml = appveyor.yml
	EndProjectSection
EndProject
Project("{2150E333-8FDC-42A3-9474-1A3956D46DE8}") = "2. Core", "2. Core", "{FCA4596F-9EC1-4086-8CA1-6F70D0716F49}"
EndProject
Project("{9A19103F-16F7-4668-BE54-9A1E7A4F7556}") = "AutomationFoundation.Hosting", "src\AutomationFoundation.Hosting\AutomationFoundation.Hosting.csproj", "{CE7F9941-9EB9-4DE4-848D-3E1C6E2BC41E}"
EndProject
Project("{9A19103F-16F7-4668-BE54-9A1E7A4F7556}") = "AutomationFoundation.Hosting.Abstractions", "src\AutomationFoundation.Hosting.Abstractions\AutomationFoundation.Hosting.Abstractions.csproj", "{6B7BEC6B-9BA5-414C-84DF-07F9BEBA278B}"
EndProject
Project("{9A19103F-16F7-4668-BE54-9A1E7A4F7556}") = "AutomationFoundation.Runtime", "src\AutomationFoundation.Runtime\AutomationFoundation.Runtime.csproj", "{B180691C-5E67-467C-B699-D2C2161B5D6C}"
EndProject
Project("{9A19103F-16F7-4668-BE54-9A1E7A4F7556}") = "AutomationFoundation.Runtime.Abstractions", "src\AutomationFoundation.Runtime.Abstractions\AutomationFoundation.Runtime.Abstractions.csproj", "{A0215706-2D0B-4D06-A4DF-DD4EE540E171}"
EndProject
Project("{9A19103F-16F7-4668-BE54-9A1E7A4F7556}") = "AutomationFoundation.Runtime.Tests", "test\AutomationFoundation.Runtime.Tests\AutomationFoundation.Runtime.Tests.csproj", "{26B88F4A-94BD-44EE-A05C-2797C55CFE60}"
EndProject
Project("{9A19103F-16F7-4668-BE54-9A1E7A4F7556}") = "AutomationFoundation.Hosting.Tests", "test\AutomationFoundation.Hosting.Tests\AutomationFoundation.Hosting.Tests.csproj", "{F54A3C71-5D1B-44F5-B313-5920CEBBD502}"
EndProject
Project("{9A19103F-16F7-4668-BE54-9A1E7A4F7556}") = "ConsoleRunner", "tools\ConsoleRunner\ConsoleRunner.csproj", "{04320F2A-E3D9-4E96-86F0-B19A9D123178}"
EndProject
Project("{9A19103F-16F7-4668-BE54-9A1E7A4F7556}") = "AutomationFoundation", "src\AutomationFoundation\AutomationFoundation.csproj", "{86FB5F41-85DD-43E0-883D-72DB4EBB447C}"
EndProject
Project("{9A19103F-16F7-4668-BE54-9A1E7A4F7556}") = "AutomationFoundation.Tests", "test\AutomationFoundation.Tests\AutomationFoundation.Tests.csproj", "{7EF40655-C9A1-4087-B842-A9249DE5C4BF}"
EndProject
Project("{2150E333-8FDC-42A3-9474-1A3956D46DE8}") = "1. Framework", "1. Framework", "{D0129F07-1B9D-46B4-A42A-2000C2F3DBDC}"
EndProject
Project("{9A19103F-16F7-4668-BE54-9A1E7A4F7556}") = "AutomationFoundation.NETCore.App", "src\AutomationFoundation.NETCore.App\AutomationFoundation.NETCore.App.csproj", "{EDDB83DB-C92E-4B53-AA79-F65C86EC8899}"
EndProject
Project("{9A19103F-16F7-4668-BE54-9A1E7A4F7556}") = "AutomationFoundation.NETFX.App", "src\AutomationFoundation.NETFX.App\AutomationFoundation.NETFX.App.csproj", "{4D9093D3-FDA1-460E-83B3-599039904376}"
EndProject
Project("{9A19103F-16F7-4668-BE54-9A1E7A4F7556}") = "AutomationFoundation.NETCore.App.Tests", "test\AutomationFoundation.NETCore.App.Tests\AutomationFoundation.NETCore.App.Tests.csproj", "{87B0748F-A884-4039-B20B-F1747856C3A4}"
EndProject
Project("{2150E333-8FDC-42A3-9474-1A3956D46DE8}") = "src", "src", "{FC3E532A-F166-44CF-86A1-88F3A0A03EEA}"
EndProject
Project("{2150E333-8FDC-42A3-9474-1A3956D46DE8}") = "tests", "tests", "{653B8C71-9E3D-4521-A8DE-904B24DB477E}"
EndProject
Project("{2150E333-8FDC-42A3-9474-1A3956D46DE8}") = "src", "src", "{E4B8A09D-B03F-4883-BE33-49D6F367795A}"
EndProject
Project("{2150E333-8FDC-42A3-9474-1A3956D46DE8}") = "tests", "tests", "{C99171AB-782E-42BB-B7D1-2ECB5D4C0BBC}"
EndProject
Project("{FAE04EC0-301F-11D3-BF4B-00C04F79EFBC}") = "AutomationFoundation.NETFX.App.Tests", "test\AutomationFoundation.NETFX.App.Tests\AutomationFoundation.NETFX.App.Tests.csproj", "{5383248B-E591-44DA-83EF-223A9AFA9602}"
EndProject
Global
	GlobalSection(SolutionConfigurationPlatforms) = preSolution
		Debug|Any CPU = Debug|Any CPU
		Release|Any CPU = Release|Any CPU
	EndGlobalSection
	GlobalSection(ProjectConfigurationPlatforms) = postSolution
		{CE7F9941-9EB9-4DE4-848D-3E1C6E2BC41E}.Debug|Any CPU.ActiveCfg = Debug|Any CPU
		{CE7F9941-9EB9-4DE4-848D-3E1C6E2BC41E}.Debug|Any CPU.Build.0 = Debug|Any CPU
		{CE7F9941-9EB9-4DE4-848D-3E1C6E2BC41E}.Release|Any CPU.ActiveCfg = Release|Any CPU
		{CE7F9941-9EB9-4DE4-848D-3E1C6E2BC41E}.Release|Any CPU.Build.0 = Release|Any CPU
		{6B7BEC6B-9BA5-414C-84DF-07F9BEBA278B}.Debug|Any CPU.ActiveCfg = Debug|Any CPU
		{6B7BEC6B-9BA5-414C-84DF-07F9BEBA278B}.Debug|Any CPU.Build.0 = Debug|Any CPU
		{6B7BEC6B-9BA5-414C-84DF-07F9BEBA278B}.Release|Any CPU.ActiveCfg = Release|Any CPU
		{6B7BEC6B-9BA5-414C-84DF-07F9BEBA278B}.Release|Any CPU.Build.0 = Release|Any CPU
		{B180691C-5E67-467C-B699-D2C2161B5D6C}.Debug|Any CPU.ActiveCfg = Debug|Any CPU
		{B180691C-5E67-467C-B699-D2C2161B5D6C}.Debug|Any CPU.Build.0 = Debug|Any CPU
		{B180691C-5E67-467C-B699-D2C2161B5D6C}.Release|Any CPU.ActiveCfg = Release|Any CPU
		{B180691C-5E67-467C-B699-D2C2161B5D6C}.Release|Any CPU.Build.0 = Release|Any CPU
		{A0215706-2D0B-4D06-A4DF-DD4EE540E171}.Debug|Any CPU.ActiveCfg = Debug|Any CPU
		{A0215706-2D0B-4D06-A4DF-DD4EE540E171}.Debug|Any CPU.Build.0 = Debug|Any CPU
		{A0215706-2D0B-4D06-A4DF-DD4EE540E171}.Release|Any CPU.ActiveCfg = Release|Any CPU
		{A0215706-2D0B-4D06-A4DF-DD4EE540E171}.Release|Any CPU.Build.0 = Release|Any CPU
		{26B88F4A-94BD-44EE-A05C-2797C55CFE60}.Debug|Any CPU.ActiveCfg = Debug|Any CPU
		{26B88F4A-94BD-44EE-A05C-2797C55CFE60}.Debug|Any CPU.Build.0 = Debug|Any CPU
		{26B88F4A-94BD-44EE-A05C-2797C55CFE60}.Release|Any CPU.ActiveCfg = Release|Any CPU
		{26B88F4A-94BD-44EE-A05C-2797C55CFE60}.Release|Any CPU.Build.0 = Release|Any CPU
		{F54A3C71-5D1B-44F5-B313-5920CEBBD502}.Debug|Any CPU.ActiveCfg = Debug|Any CPU
		{F54A3C71-5D1B-44F5-B313-5920CEBBD502}.Debug|Any CPU.Build.0 = Debug|Any CPU
		{F54A3C71-5D1B-44F5-B313-5920CEBBD502}.Release|Any CPU.ActiveCfg = Release|Any CPU
		{F54A3C71-5D1B-44F5-B313-5920CEBBD502}.Release|Any CPU.Build.0 = Release|Any CPU
		{04320F2A-E3D9-4E96-86F0-B19A9D123178}.Debug|Any CPU.ActiveCfg = Debug|Any CPU
		{04320F2A-E3D9-4E96-86F0-B19A9D123178}.Debug|Any CPU.Build.0 = Debug|Any CPU
		{04320F2A-E3D9-4E96-86F0-B19A9D123178}.Release|Any CPU.ActiveCfg = Release|Any CPU
		{04320F2A-E3D9-4E96-86F0-B19A9D123178}.Release|Any CPU.Build.0 = Release|Any CPU
		{86FB5F41-85DD-43E0-883D-72DB4EBB447C}.Debug|Any CPU.ActiveCfg = Debug|Any CPU
		{86FB5F41-85DD-43E0-883D-72DB4EBB447C}.Debug|Any CPU.Build.0 = Debug|Any CPU
		{86FB5F41-85DD-43E0-883D-72DB4EBB447C}.Release|Any CPU.ActiveCfg = Release|Any CPU
		{86FB5F41-85DD-43E0-883D-72DB4EBB447C}.Release|Any CPU.Build.0 = Release|Any CPU
		{7EF40655-C9A1-4087-B842-A9249DE5C4BF}.Debug|Any CPU.ActiveCfg = Debug|Any CPU
		{7EF40655-C9A1-4087-B842-A9249DE5C4BF}.Debug|Any CPU.Build.0 = Debug|Any CPU
		{7EF40655-C9A1-4087-B842-A9249DE5C4BF}.Release|Any CPU.ActiveCfg = Release|Any CPU
		{7EF40655-C9A1-4087-B842-A9249DE5C4BF}.Release|Any CPU.Build.0 = Release|Any CPU
		{EDDB83DB-C92E-4B53-AA79-F65C86EC8899}.Debug|Any CPU.ActiveCfg = Debug|Any CPU
		{EDDB83DB-C92E-4B53-AA79-F65C86EC8899}.Debug|Any CPU.Build.0 = Debug|Any CPU
		{EDDB83DB-C92E-4B53-AA79-F65C86EC8899}.Release|Any CPU.ActiveCfg = Release|Any CPU
		{EDDB83DB-C92E-4B53-AA79-F65C86EC8899}.Release|Any CPU.Build.0 = Release|Any CPU
		{4D9093D3-FDA1-460E-83B3-599039904376}.Debug|Any CPU.ActiveCfg = Debug|Any CPU
		{4D9093D3-FDA1-460E-83B3-599039904376}.Debug|Any CPU.Build.0 = Debug|Any CPU
		{4D9093D3-FDA1-460E-83B3-599039904376}.Release|Any CPU.ActiveCfg = Release|Any CPU
		{4D9093D3-FDA1-460E-83B3-599039904376}.Release|Any CPU.Build.0 = Release|Any CPU
		{87B0748F-A884-4039-B20B-F1747856C3A4}.Debug|Any CPU.ActiveCfg = Debug|Any CPU
		{87B0748F-A884-4039-B20B-F1747856C3A4}.Debug|Any CPU.Build.0 = Debug|Any CPU
		{87B0748F-A884-4039-B20B-F1747856C3A4}.Release|Any CPU.ActiveCfg = Release|Any CPU
		{87B0748F-A884-4039-B20B-F1747856C3A4}.Release|Any CPU.Build.0 = Release|Any CPU
		{5383248B-E591-44DA-83EF-223A9AFA9602}.Debug|Any CPU.ActiveCfg = Debug|Any CPU
		{5383248B-E591-44DA-83EF-223A9AFA9602}.Debug|Any CPU.Build.0 = Debug|Any CPU
		{5383248B-E591-44DA-83EF-223A9AFA9602}.Release|Any CPU.ActiveCfg = Release|Any CPU
		{5383248B-E591-44DA-83EF-223A9AFA9602}.Release|Any CPU.Build.0 = Release|Any CPU
	EndGlobalSection
	GlobalSection(SolutionProperties) = preSolution
		HideSolutionNode = FALSE
	EndGlobalSection
	GlobalSection(NestedProjects) = preSolution
		{CE7F9941-9EB9-4DE4-848D-3E1C6E2BC41E} = {FC3E532A-F166-44CF-86A1-88F3A0A03EEA}
		{6B7BEC6B-9BA5-414C-84DF-07F9BEBA278B} = {FC3E532A-F166-44CF-86A1-88F3A0A03EEA}
		{B180691C-5E67-467C-B699-D2C2161B5D6C} = {FC3E532A-F166-44CF-86A1-88F3A0A03EEA}
		{A0215706-2D0B-4D06-A4DF-DD4EE540E171} = {FC3E532A-F166-44CF-86A1-88F3A0A03EEA}
		{26B88F4A-94BD-44EE-A05C-2797C55CFE60} = {653B8C71-9E3D-4521-A8DE-904B24DB477E}
		{F54A3C71-5D1B-44F5-B313-5920CEBBD502} = {653B8C71-9E3D-4521-A8DE-904B24DB477E}
		{86FB5F41-85DD-43E0-883D-72DB4EBB447C} = {FC3E532A-F166-44CF-86A1-88F3A0A03EEA}
		{7EF40655-C9A1-4087-B842-A9249DE5C4BF} = {653B8C71-9E3D-4521-A8DE-904B24DB477E}
		{EDDB83DB-C92E-4B53-AA79-F65C86EC8899} = {E4B8A09D-B03F-4883-BE33-49D6F367795A}
		{4D9093D3-FDA1-460E-83B3-599039904376} = {E4B8A09D-B03F-4883-BE33-49D6F367795A}
		{87B0748F-A884-4039-B20B-F1747856C3A4} = {C99171AB-782E-42BB-B7D1-2ECB5D4C0BBC}
		{FC3E532A-F166-44CF-86A1-88F3A0A03EEA} = {FCA4596F-9EC1-4086-8CA1-6F70D0716F49}
		{653B8C71-9E3D-4521-A8DE-904B24DB477E} = {FCA4596F-9EC1-4086-8CA1-6F70D0716F49}
		{E4B8A09D-B03F-4883-BE33-49D6F367795A} = {D0129F07-1B9D-46B4-A42A-2000C2F3DBDC}
		{C99171AB-782E-42BB-B7D1-2ECB5D4C0BBC} = {D0129F07-1B9D-46B4-A42A-2000C2F3DBDC}
		{5383248B-E591-44DA-83EF-223A9AFA9602} = {C99171AB-782E-42BB-B7D1-2ECB5D4C0BBC}
	EndGlobalSection
	GlobalSection(ExtensibilityGlobals) = postSolution
		SolutionGuid = {A5E424F8-8EDD-4829-B7A0-49D3AA7A5AE9}
	EndGlobalSection
EndGlobal
