
Microsoft Visual Studio Solution File, Format Version 12.00
# Visual Studio Version 17
VisualStudioVersion = 17.0.31903.59
MinimumVisualStudioVersion = 10.0.40219.1
Project("{2150E333-8FDC-42A3-9474-1A3956D46DE8}") = "src", "src", "{B25F0425-5041-4877-9C09-D7B2B39031AC}"
EndProject
Project("{FAE04EC0-301F-11D3-BF4B-00C04F79EFBC}") = "AutomationFoundation", "src\AutomationFoundation\AutomationFoundation.csproj", "{9513C17F-0530-4D8F-A556-0377B9822E59}"
EndProject
Project("{FAE04EC0-301F-11D3-BF4B-00C04F79EFBC}") = "AutomationFoundation.Extensions.EntityFramework", "src\AutomationFoundation.Extensions.EntityFramework\AutomationFoundation.Extensions.EntityFramework.csproj", "{0C9BCFE5-E2AA-40BE-A618-62F980221184}"
EndProject
Project("{FAE04EC0-301F-11D3-BF4B-00C04F79EFBC}") = "AutomationFoundation.Extensions.EntityFrameworkCore", "src\AutomationFoundation.Extensions.EntityFrameworkCore\AutomationFoundation.Extensions.EntityFrameworkCore.csproj", "{BD8C0880-3C82-404D-9AC9-EB9B23568412}"
EndProject
Project("{FAE04EC0-301F-11D3-BF4B-00C04F79EFBC}") = "AutomationFoundation.Extensions.SqlClient", "src\AutomationFoundation.Extensions.SqlClient\AutomationFoundation.Extensions.SqlClient.csproj", "{21D4ADDB-9A6C-4C50-B7AE-B3C9F4B875B8}"
EndProject
Project("{FAE04EC0-301F-11D3-BF4B-00C04F79EFBC}") = "AutomationFoundation.Extensions.SystemData", "src\AutomationFoundation.Extensions.SystemData\AutomationFoundation.Extensions.SystemData.csproj", "{F8E906D6-9076-48C8-B895-EF26540E7ED8}"
EndProject
Project("{FAE04EC0-301F-11D3-BF4B-00C04F79EFBC}") = "AutomationFoundation.Extensions.SystemTransactions", "src\AutomationFoundation.Extensions.SystemTransactions\AutomationFoundation.Extensions.SystemTransactions.csproj", "{9A7D10C2-2828-4CFB-AC59-FA5A0F1D9DE7}"
EndProject
Project("{FAE04EC0-301F-11D3-BF4B-00C04F79EFBC}") = "AutomationFoundation.Features.ProducerConsumer", "src\AutomationFoundation.Features.ProducerConsumer\AutomationFoundation.Features.ProducerConsumer.csproj", "{094BB7EC-E6E2-4B26-84FD-AF0B010986AD}"
EndProject
Project("{FAE04EC0-301F-11D3-BF4B-00C04F79EFBC}") = "AutomationFoundation.Features.ProducerConsumer.Abstractions", "src\AutomationFoundation.Features.ProducerConsumer.Abstractions\AutomationFoundation.Features.ProducerConsumer.Abstractions.csproj", "{57106010-9B7F-4A26-9DD8-D3C0D42C23BA}"
EndProject
Project("{FAE04EC0-301F-11D3-BF4B-00C04F79EFBC}") = "AutomationFoundation.Hosting", "src\AutomationFoundation.Hosting\AutomationFoundation.Hosting.csproj", "{4F90A3E6-3AB0-495E-AA85-21CFA64E9AEC}"
EndProject
Project("{FAE04EC0-301F-11D3-BF4B-00C04F79EFBC}") = "AutomationFoundation.Hosting.Abstractions", "src\AutomationFoundation.Hosting.Abstractions\AutomationFoundation.Hosting.Abstractions.csproj", "{27D78EA7-39E2-4BF2-845D-30C50CAF7953}"
EndProject
Project("{FAE04EC0-301F-11D3-BF4B-00C04F79EFBC}") = "AutomationFoundation.NETCore.App", "src\AutomationFoundation.NETCore.App\AutomationFoundation.NETCore.App.csproj", "{E1C1BD4F-A6AE-42B6-99CA-4D29DBD1D87F}"
EndProject
Project("{FAE04EC0-301F-11D3-BF4B-00C04F79EFBC}") = "AutomationFoundation.NETFX.App", "src\AutomationFoundation.NETFX.App\AutomationFoundation.NETFX.App.csproj", "{3260AFC7-49AF-487D-83F0-7BE5A76CB1AF}"
EndProject
Project("{FAE04EC0-301F-11D3-BF4B-00C04F79EFBC}") = "AutomationFoundation.Runtime", "src\AutomationFoundation.Runtime\AutomationFoundation.Runtime.csproj", "{5353EC80-FA9D-40AE-8E70-B9216C08C408}"
EndProject
Project("{FAE04EC0-301F-11D3-BF4B-00C04F79EFBC}") = "AutomationFoundation.Runtime.Abstractions", "src\AutomationFoundation.Runtime.Abstractions\AutomationFoundation.Runtime.Abstractions.csproj", "{7E1FEA86-9411-48E1-BA09-149A04587249}"
EndProject
Project("{FAE04EC0-301F-11D3-BF4B-00C04F79EFBC}") = "AutomationFoundation.Transactions.Abstractions", "src\AutomationFoundation.Transactions.Abstractions\AutomationFoundation.Transactions.Abstractions.csproj", "{088FC5BD-59A4-4D9A-8433-8427CFC543F6}"
EndProject
Project("{2150E333-8FDC-42A3-9474-1A3956D46DE8}") = "test", "test", "{87288C4E-6BF3-4D9C-BED9-C1354567EE46}"
EndProject
Project("{FAE04EC0-301F-11D3-BF4B-00C04F79EFBC}") = "AutomationFoundation.Extensions.EntityFramework.Tests", "test\AutomationFoundation.Extensions.EntityFramework.Tests\AutomationFoundation.Extensions.EntityFramework.Tests.csproj", "{9BEB0B1C-0982-4E13-A47D-CA47343DA3F0}"
EndProject
Project("{FAE04EC0-301F-11D3-BF4B-00C04F79EFBC}") = "AutomationFoundation.Extensions.EntityFrameworkCore.Tests", "test\AutomationFoundation.Extensions.EntityFrameworkCore.Tests\AutomationFoundation.Extensions.EntityFrameworkCore.Tests.csproj", "{88FA85CF-3EB3-4B57-A367-34954634CDCE}"
EndProject
Project("{FAE04EC0-301F-11D3-BF4B-00C04F79EFBC}") = "AutomationFoundation.Extensions.SqlClient.Tests", "test\AutomationFoundation.Extensions.SqlClient.Tests\AutomationFoundation.Extensions.SqlClient.Tests.csproj", "{AC796872-D75D-42BE-89BC-94ACCE2BB5C7}"
EndProject
Project("{FAE04EC0-301F-11D3-BF4B-00C04F79EFBC}") = "AutomationFoundation.Extensions.SystemData.Tests", "test\AutomationFoundation.Extensions.SystemData.Tests\AutomationFoundation.Extensions.SystemData.Tests.csproj", "{D57E427B-AAD6-4767-B6DA-D9A818269C97}"
EndProject
Project("{FAE04EC0-301F-11D3-BF4B-00C04F79EFBC}") = "AutomationFoundation.Extensions.SystemTransactions.Tests", "test\AutomationFoundation.Extensions.SystemTransactions.Tests\AutomationFoundation.Extensions.SystemTransactions.Tests.csproj", "{3B861848-5C8D-446C-8369-584A69A556EB}"
EndProject
Project("{FAE04EC0-301F-11D3-BF4B-00C04F79EFBC}") = "AutomationFoundation.Features.ProducerConsumer.Tests", "test\AutomationFoundation.Features.ProducerConsumer.Tests\AutomationFoundation.Features.ProducerConsumer.Tests.csproj", "{E23E5201-553B-47CA-A5C7-AB04A9AF2ED9}"
EndProject
Project("{FAE04EC0-301F-11D3-BF4B-00C04F79EFBC}") = "AutomationFoundation.Hosting.Tests", "test\AutomationFoundation.Hosting.Tests\AutomationFoundation.Hosting.Tests.csproj", "{37A92FB1-F516-47D2-B323-F67834C88A62}"
EndProject
Project("{FAE04EC0-301F-11D3-BF4B-00C04F79EFBC}") = "AutomationFoundation.NETCore.App.Tests", "test\AutomationFoundation.NETCore.App.Tests\AutomationFoundation.NETCore.App.Tests.csproj", "{4980B18C-473C-4305-86D2-422EE5C827E4}"
EndProject
Project("{FAE04EC0-301F-11D3-BF4B-00C04F79EFBC}") = "AutomationFoundation.Runtime.Tests", "test\AutomationFoundation.Runtime.Tests\AutomationFoundation.Runtime.Tests.csproj", "{B052AC20-0083-4A06-8B35-2478CED3BDBB}"
EndProject
Project("{FAE04EC0-301F-11D3-BF4B-00C04F79EFBC}") = "AutomationFoundation.Tests", "test\AutomationFoundation.Tests\AutomationFoundation.Tests.csproj", "{437CD2E5-B51E-4BF3-9387-FA57A0781D4E}"
EndProject
Project("{2150E333-8FDC-42A3-9474-1A3956D46DE8}") = "tools", "tools", "{6F291AF7-CB87-4507-B4F7-B9BDA3ADE680}"
EndProject
Project("{FAE04EC0-301F-11D3-BF4B-00C04F79EFBC}") = "ConsoleRunner", "tools\ConsoleRunner\ConsoleRunner.csproj", "{65D9F721-343C-4D85-AEEB-4D707424DB69}"
EndProject
Project("{FAE04EC0-301F-11D3-BF4B-00C04F79EFBC}") = "ConsoleRunner.BizServices.Domain", "tools\ConsoleRunner.BizServices.Domain\ConsoleRunner.BizServices.Domain.csproj", "{23D20C3A-992A-4E34-8637-35E4D2061831}"
EndProject
Global
	GlobalSection(SolutionConfigurationPlatforms) = preSolution
		Debug|Any CPU = Debug|Any CPU
		Release|Any CPU = Release|Any CPU
	EndGlobalSection
	GlobalSection(SolutionProperties) = preSolution
		HideSolutionNode = FALSE
	EndGlobalSection
	GlobalSection(ProjectConfigurationPlatforms) = postSolution
		{9513C17F-0530-4D8F-A556-0377B9822E59}.Debug|Any CPU.ActiveCfg = Debug|Any CPU
		{9513C17F-0530-4D8F-A556-0377B9822E59}.Debug|Any CPU.Build.0 = Debug|Any CPU
		{9513C17F-0530-4D8F-A556-0377B9822E59}.Release|Any CPU.ActiveCfg = Release|Any CPU
		{9513C17F-0530-4D8F-A556-0377B9822E59}.Release|Any CPU.Build.0 = Release|Any CPU
		{0C9BCFE5-E2AA-40BE-A618-62F980221184}.Debug|Any CPU.ActiveCfg = Debug|Any CPU
		{0C9BCFE5-E2AA-40BE-A618-62F980221184}.Debug|Any CPU.Build.0 = Debug|Any CPU
		{0C9BCFE5-E2AA-40BE-A618-62F980221184}.Release|Any CPU.ActiveCfg = Release|Any CPU
		{0C9BCFE5-E2AA-40BE-A618-62F980221184}.Release|Any CPU.Build.0 = Release|Any CPU
		{BD8C0880-3C82-404D-9AC9-EB9B23568412}.Debug|Any CPU.ActiveCfg = Debug|Any CPU
		{BD8C0880-3C82-404D-9AC9-EB9B23568412}.Debug|Any CPU.Build.0 = Debug|Any CPU
		{BD8C0880-3C82-404D-9AC9-EB9B23568412}.Release|Any CPU.ActiveCfg = Release|Any CPU
		{BD8C0880-3C82-404D-9AC9-EB9B23568412}.Release|Any CPU.Build.0 = Release|Any CPU
		{21D4ADDB-9A6C-4C50-B7AE-B3C9F4B875B8}.Debug|Any CPU.ActiveCfg = Debug|Any CPU
		{21D4ADDB-9A6C-4C50-B7AE-B3C9F4B875B8}.Debug|Any CPU.Build.0 = Debug|Any CPU
		{21D4ADDB-9A6C-4C50-B7AE-B3C9F4B875B8}.Release|Any CPU.ActiveCfg = Release|Any CPU
		{21D4ADDB-9A6C-4C50-B7AE-B3C9F4B875B8}.Release|Any CPU.Build.0 = Release|Any CPU
		{F8E906D6-9076-48C8-B895-EF26540E7ED8}.Debug|Any CPU.ActiveCfg = Debug|Any CPU
		{F8E906D6-9076-48C8-B895-EF26540E7ED8}.Debug|Any CPU.Build.0 = Debug|Any CPU
		{F8E906D6-9076-48C8-B895-EF26540E7ED8}.Release|Any CPU.ActiveCfg = Release|Any CPU
		{F8E906D6-9076-48C8-B895-EF26540E7ED8}.Release|Any CPU.Build.0 = Release|Any CPU
		{9A7D10C2-2828-4CFB-AC59-FA5A0F1D9DE7}.Debug|Any CPU.ActiveCfg = Debug|Any CPU
		{9A7D10C2-2828-4CFB-AC59-FA5A0F1D9DE7}.Debug|Any CPU.Build.0 = Debug|Any CPU
		{9A7D10C2-2828-4CFB-AC59-FA5A0F1D9DE7}.Release|Any CPU.ActiveCfg = Release|Any CPU
		{9A7D10C2-2828-4CFB-AC59-FA5A0F1D9DE7}.Release|Any CPU.Build.0 = Release|Any CPU
		{094BB7EC-E6E2-4B26-84FD-AF0B010986AD}.Debug|Any CPU.ActiveCfg = Debug|Any CPU
		{094BB7EC-E6E2-4B26-84FD-AF0B010986AD}.Debug|Any CPU.Build.0 = Debug|Any CPU
		{094BB7EC-E6E2-4B26-84FD-AF0B010986AD}.Release|Any CPU.ActiveCfg = Release|Any CPU
		{094BB7EC-E6E2-4B26-84FD-AF0B010986AD}.Release|Any CPU.Build.0 = Release|Any CPU
		{57106010-9B7F-4A26-9DD8-D3C0D42C23BA}.Debug|Any CPU.ActiveCfg = Debug|Any CPU
		{57106010-9B7F-4A26-9DD8-D3C0D42C23BA}.Debug|Any CPU.Build.0 = Debug|Any CPU
		{57106010-9B7F-4A26-9DD8-D3C0D42C23BA}.Release|Any CPU.ActiveCfg = Release|Any CPU
		{57106010-9B7F-4A26-9DD8-D3C0D42C23BA}.Release|Any CPU.Build.0 = Release|Any CPU
		{4F90A3E6-3AB0-495E-AA85-21CFA64E9AEC}.Debug|Any CPU.ActiveCfg = Debug|Any CPU
		{4F90A3E6-3AB0-495E-AA85-21CFA64E9AEC}.Debug|Any CPU.Build.0 = Debug|Any CPU
		{4F90A3E6-3AB0-495E-AA85-21CFA64E9AEC}.Release|Any CPU.ActiveCfg = Release|Any CPU
		{4F90A3E6-3AB0-495E-AA85-21CFA64E9AEC}.Release|Any CPU.Build.0 = Release|Any CPU
		{27D78EA7-39E2-4BF2-845D-30C50CAF7953}.Debug|Any CPU.ActiveCfg = Debug|Any CPU
		{27D78EA7-39E2-4BF2-845D-30C50CAF7953}.Debug|Any CPU.Build.0 = Debug|Any CPU
		{27D78EA7-39E2-4BF2-845D-30C50CAF7953}.Release|Any CPU.ActiveCfg = Release|Any CPU
		{27D78EA7-39E2-4BF2-845D-30C50CAF7953}.Release|Any CPU.Build.0 = Release|Any CPU
		{E1C1BD4F-A6AE-42B6-99CA-4D29DBD1D87F}.Debug|Any CPU.ActiveCfg = Debug|Any CPU
		{E1C1BD4F-A6AE-42B6-99CA-4D29DBD1D87F}.Debug|Any CPU.Build.0 = Debug|Any CPU
		{E1C1BD4F-A6AE-42B6-99CA-4D29DBD1D87F}.Release|Any CPU.ActiveCfg = Release|Any CPU
		{E1C1BD4F-A6AE-42B6-99CA-4D29DBD1D87F}.Release|Any CPU.Build.0 = Release|Any CPU
		{3260AFC7-49AF-487D-83F0-7BE5A76CB1AF}.Debug|Any CPU.ActiveCfg = Debug|Any CPU
		{3260AFC7-49AF-487D-83F0-7BE5A76CB1AF}.Debug|Any CPU.Build.0 = Debug|Any CPU
		{3260AFC7-49AF-487D-83F0-7BE5A76CB1AF}.Release|Any CPU.ActiveCfg = Release|Any CPU
		{3260AFC7-49AF-487D-83F0-7BE5A76CB1AF}.Release|Any CPU.Build.0 = Release|Any CPU
		{5353EC80-FA9D-40AE-8E70-B9216C08C408}.Debug|Any CPU.ActiveCfg = Debug|Any CPU
		{5353EC80-FA9D-40AE-8E70-B9216C08C408}.Debug|Any CPU.Build.0 = Debug|Any CPU
		{5353EC80-FA9D-40AE-8E70-B9216C08C408}.Release|Any CPU.ActiveCfg = Release|Any CPU
		{5353EC80-FA9D-40AE-8E70-B9216C08C408}.Release|Any CPU.Build.0 = Release|Any CPU
		{7E1FEA86-9411-48E1-BA09-149A04587249}.Debug|Any CPU.ActiveCfg = Debug|Any CPU
		{7E1FEA86-9411-48E1-BA09-149A04587249}.Debug|Any CPU.Build.0 = Debug|Any CPU
		{7E1FEA86-9411-48E1-BA09-149A04587249}.Release|Any CPU.ActiveCfg = Release|Any CPU
		{7E1FEA86-9411-48E1-BA09-149A04587249}.Release|Any CPU.Build.0 = Release|Any CPU
		{088FC5BD-59A4-4D9A-8433-8427CFC543F6}.Debug|Any CPU.ActiveCfg = Debug|Any CPU
		{088FC5BD-59A4-4D9A-8433-8427CFC543F6}.Debug|Any CPU.Build.0 = Debug|Any CPU
		{088FC5BD-59A4-4D9A-8433-8427CFC543F6}.Release|Any CPU.ActiveCfg = Release|Any CPU
		{088FC5BD-59A4-4D9A-8433-8427CFC543F6}.Release|Any CPU.Build.0 = Release|Any CPU
		{9BEB0B1C-0982-4E13-A47D-CA47343DA3F0}.Debug|Any CPU.ActiveCfg = Debug|Any CPU
		{9BEB0B1C-0982-4E13-A47D-CA47343DA3F0}.Debug|Any CPU.Build.0 = Debug|Any CPU
		{9BEB0B1C-0982-4E13-A47D-CA47343DA3F0}.Release|Any CPU.ActiveCfg = Release|Any CPU
		{9BEB0B1C-0982-4E13-A47D-CA47343DA3F0}.Release|Any CPU.Build.0 = Release|Any CPU
		{88FA85CF-3EB3-4B57-A367-34954634CDCE}.Debug|Any CPU.ActiveCfg = Debug|Any CPU
		{88FA85CF-3EB3-4B57-A367-34954634CDCE}.Debug|Any CPU.Build.0 = Debug|Any CPU
		{88FA85CF-3EB3-4B57-A367-34954634CDCE}.Release|Any CPU.ActiveCfg = Release|Any CPU
		{88FA85CF-3EB3-4B57-A367-34954634CDCE}.Release|Any CPU.Build.0 = Release|Any CPU
		{AC796872-D75D-42BE-89BC-94ACCE2BB5C7}.Debug|Any CPU.ActiveCfg = Debug|Any CPU
		{AC796872-D75D-42BE-89BC-94ACCE2BB5C7}.Debug|Any CPU.Build.0 = Debug|Any CPU
		{AC796872-D75D-42BE-89BC-94ACCE2BB5C7}.Release|Any CPU.ActiveCfg = Release|Any CPU
		{AC796872-D75D-42BE-89BC-94ACCE2BB5C7}.Release|Any CPU.Build.0 = Release|Any CPU
		{D57E427B-AAD6-4767-B6DA-D9A818269C97}.Debug|Any CPU.ActiveCfg = Debug|Any CPU
		{D57E427B-AAD6-4767-B6DA-D9A818269C97}.Debug|Any CPU.Build.0 = Debug|Any CPU
		{D57E427B-AAD6-4767-B6DA-D9A818269C97}.Release|Any CPU.ActiveCfg = Release|Any CPU
		{D57E427B-AAD6-4767-B6DA-D9A818269C97}.Release|Any CPU.Build.0 = Release|Any CPU
		{3B861848-5C8D-446C-8369-584A69A556EB}.Debug|Any CPU.ActiveCfg = Debug|Any CPU
		{3B861848-5C8D-446C-8369-584A69A556EB}.Debug|Any CPU.Build.0 = Debug|Any CPU
		{3B861848-5C8D-446C-8369-584A69A556EB}.Release|Any CPU.ActiveCfg = Release|Any CPU
		{3B861848-5C8D-446C-8369-584A69A556EB}.Release|Any CPU.Build.0 = Release|Any CPU
		{E23E5201-553B-47CA-A5C7-AB04A9AF2ED9}.Debug|Any CPU.ActiveCfg = Debug|Any CPU
		{E23E5201-553B-47CA-A5C7-AB04A9AF2ED9}.Debug|Any CPU.Build.0 = Debug|Any CPU
		{E23E5201-553B-47CA-A5C7-AB04A9AF2ED9}.Release|Any CPU.ActiveCfg = Release|Any CPU
		{E23E5201-553B-47CA-A5C7-AB04A9AF2ED9}.Release|Any CPU.Build.0 = Release|Any CPU
		{37A92FB1-F516-47D2-B323-F67834C88A62}.Debug|Any CPU.ActiveCfg = Debug|Any CPU
		{37A92FB1-F516-47D2-B323-F67834C88A62}.Debug|Any CPU.Build.0 = Debug|Any CPU
		{37A92FB1-F516-47D2-B323-F67834C88A62}.Release|Any CPU.ActiveCfg = Release|Any CPU
		{37A92FB1-F516-47D2-B323-F67834C88A62}.Release|Any CPU.Build.0 = Release|Any CPU
		{4980B18C-473C-4305-86D2-422EE5C827E4}.Debug|Any CPU.ActiveCfg = Debug|Any CPU
		{4980B18C-473C-4305-86D2-422EE5C827E4}.Debug|Any CPU.Build.0 = Debug|Any CPU
		{4980B18C-473C-4305-86D2-422EE5C827E4}.Release|Any CPU.ActiveCfg = Release|Any CPU
		{4980B18C-473C-4305-86D2-422EE5C827E4}.Release|Any CPU.Build.0 = Release|Any CPU
		{B052AC20-0083-4A06-8B35-2478CED3BDBB}.Debug|Any CPU.ActiveCfg = Debug|Any CPU
		{B052AC20-0083-4A06-8B35-2478CED3BDBB}.Debug|Any CPU.Build.0 = Debug|Any CPU
		{B052AC20-0083-4A06-8B35-2478CED3BDBB}.Release|Any CPU.ActiveCfg = Release|Any CPU
		{B052AC20-0083-4A06-8B35-2478CED3BDBB}.Release|Any CPU.Build.0 = Release|Any CPU
		{437CD2E5-B51E-4BF3-9387-FA57A0781D4E}.Debug|Any CPU.ActiveCfg = Debug|Any CPU
		{437CD2E5-B51E-4BF3-9387-FA57A0781D4E}.Debug|Any CPU.Build.0 = Debug|Any CPU
		{437CD2E5-B51E-4BF3-9387-FA57A0781D4E}.Release|Any CPU.ActiveCfg = Release|Any CPU
		{437CD2E5-B51E-4BF3-9387-FA57A0781D4E}.Release|Any CPU.Build.0 = Release|Any CPU
		{65D9F721-343C-4D85-AEEB-4D707424DB69}.Debug|Any CPU.ActiveCfg = Debug|Any CPU
		{65D9F721-343C-4D85-AEEB-4D707424DB69}.Debug|Any CPU.Build.0 = Debug|Any CPU
		{65D9F721-343C-4D85-AEEB-4D707424DB69}.Release|Any CPU.ActiveCfg = Release|Any CPU
		{65D9F721-343C-4D85-AEEB-4D707424DB69}.Release|Any CPU.Build.0 = Release|Any CPU
		{23D20C3A-992A-4E34-8637-35E4D2061831}.Debug|Any CPU.ActiveCfg = Debug|Any CPU
		{23D20C3A-992A-4E34-8637-35E4D2061831}.Debug|Any CPU.Build.0 = Debug|Any CPU
		{23D20C3A-992A-4E34-8637-35E4D2061831}.Release|Any CPU.ActiveCfg = Release|Any CPU
		{23D20C3A-992A-4E34-8637-35E4D2061831}.Release|Any CPU.Build.0 = Release|Any CPU
	EndGlobalSection
	GlobalSection(NestedProjects) = preSolution
		{9513C17F-0530-4D8F-A556-0377B9822E59} = {B25F0425-5041-4877-9C09-D7B2B39031AC}
		{0C9BCFE5-E2AA-40BE-A618-62F980221184} = {B25F0425-5041-4877-9C09-D7B2B39031AC}
		{BD8C0880-3C82-404D-9AC9-EB9B23568412} = {B25F0425-5041-4877-9C09-D7B2B39031AC}
		{21D4ADDB-9A6C-4C50-B7AE-B3C9F4B875B8} = {B25F0425-5041-4877-9C09-D7B2B39031AC}
		{F8E906D6-9076-48C8-B895-EF26540E7ED8} = {B25F0425-5041-4877-9C09-D7B2B39031AC}
		{9A7D10C2-2828-4CFB-AC59-FA5A0F1D9DE7} = {B25F0425-5041-4877-9C09-D7B2B39031AC}
		{094BB7EC-E6E2-4B26-84FD-AF0B010986AD} = {B25F0425-5041-4877-9C09-D7B2B39031AC}
		{57106010-9B7F-4A26-9DD8-D3C0D42C23BA} = {B25F0425-5041-4877-9C09-D7B2B39031AC}
		{4F90A3E6-3AB0-495E-AA85-21CFA64E9AEC} = {B25F0425-5041-4877-9C09-D7B2B39031AC}
		{27D78EA7-39E2-4BF2-845D-30C50CAF7953} = {B25F0425-5041-4877-9C09-D7B2B39031AC}
		{E1C1BD4F-A6AE-42B6-99CA-4D29DBD1D87F} = {B25F0425-5041-4877-9C09-D7B2B39031AC}
		{3260AFC7-49AF-487D-83F0-7BE5A76CB1AF} = {B25F0425-5041-4877-9C09-D7B2B39031AC}
		{5353EC80-FA9D-40AE-8E70-B9216C08C408} = {B25F0425-5041-4877-9C09-D7B2B39031AC}
		{7E1FEA86-9411-48E1-BA09-149A04587249} = {B25F0425-5041-4877-9C09-D7B2B39031AC}
		{088FC5BD-59A4-4D9A-8433-8427CFC543F6} = {B25F0425-5041-4877-9C09-D7B2B39031AC}
		{9BEB0B1C-0982-4E13-A47D-CA47343DA3F0} = {87288C4E-6BF3-4D9C-BED9-C1354567EE46}
		{88FA85CF-3EB3-4B57-A367-34954634CDCE} = {87288C4E-6BF3-4D9C-BED9-C1354567EE46}
		{AC796872-D75D-42BE-89BC-94ACCE2BB5C7} = {87288C4E-6BF3-4D9C-BED9-C1354567EE46}
		{D57E427B-AAD6-4767-B6DA-D9A818269C97} = {87288C4E-6BF3-4D9C-BED9-C1354567EE46}
		{3B861848-5C8D-446C-8369-584A69A556EB} = {87288C4E-6BF3-4D9C-BED9-C1354567EE46}
		{E23E5201-553B-47CA-A5C7-AB04A9AF2ED9} = {87288C4E-6BF3-4D9C-BED9-C1354567EE46}
		{37A92FB1-F516-47D2-B323-F67834C88A62} = {87288C4E-6BF3-4D9C-BED9-C1354567EE46}
		{4980B18C-473C-4305-86D2-422EE5C827E4} = {87288C4E-6BF3-4D9C-BED9-C1354567EE46}
		{B052AC20-0083-4A06-8B35-2478CED3BDBB} = {87288C4E-6BF3-4D9C-BED9-C1354567EE46}
		{437CD2E5-B51E-4BF3-9387-FA57A0781D4E} = {87288C4E-6BF3-4D9C-BED9-C1354567EE46}
		{65D9F721-343C-4D85-AEEB-4D707424DB69} = {6F291AF7-CB87-4507-B4F7-B9BDA3ADE680}
		{23D20C3A-992A-4E34-8637-35E4D2061831} = {6F291AF7-CB87-4507-B4F7-B9BDA3ADE680}
	EndGlobalSection
EndGlobal
