
Microsoft Visual Studio Solution File, Format Version 12.00
# Visual Studio Version 16
VisualStudioVersion = 16.0.28803.156
MinimumVisualStudioVersion = 10.0.40219.1
Project("{2150E333-8FDC-42A3-9474-1A3956D46DE8}") = "Solution Items", "Solution Items", "{55EF3A3F-C0FB-48E1-9420-C8E725BADD68}"
	ProjectSection(SolutionItems) = preProject
		appveyor.yml = appveyor.yml
	EndProjectSection
EndProject
Project("{2150E333-8FDC-42A3-9474-1A3956D46DE8}") = "2. Core", "2. Core", "{FCA4596F-9EC1-4086-8CA1-6F70D0716F49}"
EndProject
Project("{9A19103F-16F7-4668-BE54-9A1E7A4F7556}") = "AutomationFoundation.Transactions.Abstractions", "src\AutomationFoundation.Transactions.Abstractions\AutomationFoundation.Transactions.Abstractions.csproj", "{2A6E0E15-A334-4AAE-A0F4-38C6D08492A4}"
EndProject
Project("{9A19103F-16F7-4668-BE54-9A1E7A4F7556}") = "AutomationFoundation.Features.ProducerConsumer", "src\AutomationFoundation.Features.ProducerConsumer\AutomationFoundation.Features.ProducerConsumer.csproj", "{90619238-E346-4E38-B41D-9B23904860AB}"
EndProject
Project("{9A19103F-16F7-4668-BE54-9A1E7A4F7556}") = "AutomationFoundation.Features.ProducerConsumer.Abstractions", "src\AutomationFoundation.Features.ProducerConsumer.Abstractions\AutomationFoundation.Features.ProducerConsumer.Abstractions.csproj", "{9254578E-B092-4491-927D-466A5F25C0DD}"
EndProject
Project("{9A19103F-16F7-4668-BE54-9A1E7A4F7556}") = "AutomationFoundation.Hosting", "src\AutomationFoundation.Hosting\AutomationFoundation.Hosting.csproj", "{CE7F9941-9EB9-4DE4-848D-3E1C6E2BC41E}"
EndProject
Project("{9A19103F-16F7-4668-BE54-9A1E7A4F7556}") = "AutomationFoundation.Hosting.Abstractions", "src\AutomationFoundation.Hosting.Abstractions\AutomationFoundation.Hosting.Abstractions.csproj", "{6B7BEC6B-9BA5-414C-84DF-07F9BEBA278B}"
EndProject
Project("{9A19103F-16F7-4668-BE54-9A1E7A4F7556}") = "AutomationFoundation.Runtime", "src\AutomationFoundation.Runtime\AutomationFoundation.Runtime.csproj", "{B180691C-5E67-467C-B699-D2C2161B5D6C}"
EndProject
Project("{9A19103F-16F7-4668-BE54-9A1E7A4F7556}") = "AutomationFoundation.Runtime.Abstractions", "src\AutomationFoundation.Runtime.Abstractions\AutomationFoundation.Runtime.Abstractions.csproj", "{A0215706-2D0B-4D06-A4DF-DD4EE540E171}"
EndProject
Project("{2150E333-8FDC-42A3-9474-1A3956D46DE8}") = "3. Features", "3. Features", "{7CFB3B8F-7B60-4DBD-9BB5-A4D4F7554A8E}"
EndProject
Project("{2150E333-8FDC-42A3-9474-1A3956D46DE8}") = "Tests", "Tests", "{51336679-9F77-4B62-8A82-F4B875371473}"
EndProject
Project("{9A19103F-16F7-4668-BE54-9A1E7A4F7556}") = "AutomationFoundation.Runtime.Tests", "test\AutomationFoundation.Runtime.Tests\AutomationFoundation.Runtime.Tests.csproj", "{26B88F4A-94BD-44EE-A05C-2797C55CFE60}"
EndProject
Project("{9A19103F-16F7-4668-BE54-9A1E7A4F7556}") = "AutomationFoundation.Hosting.Tests", "test\AutomationFoundation.Hosting.Tests\AutomationFoundation.Hosting.Tests.csproj", "{F54A3C71-5D1B-44F5-B313-5920CEBBD502}"
EndProject
Project("{9A19103F-16F7-4668-BE54-9A1E7A4F7556}") = "AutomationFoundation.Features.ProducerConsumer.Tests", "test\AutomationFoundation.Features.ProducerConsumer.Tests\AutomationFoundation.Features.ProducerConsumer.Tests.csproj", "{3953110A-5625-450E-A9B5-3F1D16D6DFA4}"
EndProject
Project("{9A19103F-16F7-4668-BE54-9A1E7A4F7556}") = "ConsoleRunner", "tools\ConsoleRunner\ConsoleRunner.csproj", "{04320F2A-E3D9-4E96-86F0-B19A9D123178}"
EndProject
Project("{9A19103F-16F7-4668-BE54-9A1E7A4F7556}") = "ConsoleRunner.BizServices.Domain", "tools\ConsoleRunner.BizServices.Domain\ConsoleRunner.BizServices.Domain.csproj", "{BF6352DF-B763-434A-981D-A2FF2E2BD178}"
EndProject
Project("{9A19103F-16F7-4668-BE54-9A1E7A4F7556}") = "AutomationFoundation", "src\AutomationFoundation\AutomationFoundation.csproj", "{86FB5F41-85DD-43E0-883D-72DB4EBB447C}"
EndProject
Project("{9A19103F-16F7-4668-BE54-9A1E7A4F7556}") = "AutomationFoundation.Tests", "test\AutomationFoundation.Tests\AutomationFoundation.Tests.csproj", "{7EF40655-C9A1-4087-B842-A9249DE5C4BF}"
EndProject
Project("{2150E333-8FDC-42A3-9474-1A3956D46DE8}") = "1. Framework", "1. Framework", "{D0129F07-1B9D-46B4-A42A-2000C2F3DBDC}"
EndProject
Project("{9A19103F-16F7-4668-BE54-9A1E7A4F7556}") = "AutomationFoundation.NETCore.App", "src\AutomationFoundation.NETCore.App\AutomationFoundation.NETCore.App.csproj", "{EDDB83DB-C92E-4B53-AA79-F65C86EC8899}"
EndProject
Project("{9A19103F-16F7-4668-BE54-9A1E7A4F7556}") = "AutomationFoundation.NETFX.App", "src\AutomationFoundation.NETFX.App\AutomationFoundation.NETFX.App.csproj", "{4D9093D3-FDA1-460E-83B3-599039904376}"
EndProject
Project("{9A19103F-16F7-4668-BE54-9A1E7A4F7556}") = "AutomationFoundation.NETCore.App.Tests", "test\AutomationFoundation.NETCore.App.Tests\AutomationFoundation.NETCore.App.Tests.csproj", "{87B0748F-A884-4039-B20B-F1747856C3A4}"
EndProject
Project("{2150E333-8FDC-42A3-9474-1A3956D46DE8}") = "4. Extensions", "4. Extensions", "{52B14C67-9A5D-410A-8444-B108FDF50CB3}"
EndProject
Project("{9A19103F-16F7-4668-BE54-9A1E7A4F7556}") = "AutomationFoundation.Extensions.EntityFramework", "src\AutomationFoundation.Extensions.EntityFramework\AutomationFoundation.Extensions.EntityFramework.csproj", "{E3D8863F-7547-4436-BE40-A7E776289C34}"
EndProject
Project("{9A19103F-16F7-4668-BE54-9A1E7A4F7556}") = "AutomationFoundation.Extensions.SystemTransactions", "src\AutomationFoundation.Extensions.SystemTransactions\AutomationFoundation.Extensions.SystemTransactions.csproj", "{774488CB-BDE3-4914-A08D-5C3EE8B0996C}"
EndProject
Project("{9A19103F-16F7-4668-BE54-9A1E7A4F7556}") = "AutomationFoundation.Extensions.SystemData", "src\AutomationFoundation.Extensions.SystemData\AutomationFoundation.Extensions.SystemData.csproj", "{E27F6A61-5F57-4E14-BE89-97DF636A6DD8}"
EndProject
Project("{9A19103F-16F7-4668-BE54-9A1E7A4F7556}") = "AutomationFoundation.Extensions.SystemTransactions.Tests", "test\AutomationFoundation.Extensions.SystemTransactions.Tests\AutomationFoundation.Extensions.SystemTransactions.Tests.csproj", "{36B3B648-F07D-4D7D-84E2-D2A8F696AFC3}"
EndProject
Project("{9A19103F-16F7-4668-BE54-9A1E7A4F7556}") = "AutomationFoundation.Extensions.SystemData.Tests", "test\AutomationFoundation.Extensions.SystemData.Tests\AutomationFoundation.Extensions.SystemData.Tests.csproj", "{25B2819F-C0E5-4FD3-A8ED-87D04674254C}"
EndProject
Project("{9A19103F-16F7-4668-BE54-9A1E7A4F7556}") = "AutomationFoundation.Extensions.EntityFramework.Tests", "test\AutomationFoundation.Extensions.EntityFramework.Tests\AutomationFoundation.Extensions.EntityFramework.Tests.csproj", "{F0EC8C50-509E-4A74-AAA8-81BEBE9A8709}"
EndProject
Project("{9A19103F-16F7-4668-BE54-9A1E7A4F7556}") = "AutomationFoundation.Extensions.EntityFrameworkCore", "src\AutomationFoundation.Extensions.EntityFrameworkCore\AutomationFoundation.Extensions.EntityFrameworkCore.csproj", "{7D6618BA-8557-4920-A19D-274D0ED596B5}"
EndProject
Project("{9A19103F-16F7-4668-BE54-9A1E7A4F7556}") = "AutomationFoundation.Extensions.EntityFrameworkCore.Tests", "test\AutomationFoundation.Extensions.EntityFrameworkCore.Tests\AutomationFoundation.Extensions.EntityFrameworkCore.Tests.csproj", "{C774CA64-0C8C-4A08-A267-475C76B3B21C}"
EndProject
Project("{9A19103F-16F7-4668-BE54-9A1E7A4F7556}") = "AutomationFoundation.Extensions.SqlClient", "src\AutomationFoundation.Extensions.SqlClient\AutomationFoundation.Extensions.SqlClient.csproj", "{203C7051-8ACB-43B1-9FFF-C022939D2AFB}"
EndProject
Project("{9A19103F-16F7-4668-BE54-9A1E7A4F7556}") = "AutomationFoundation.Extensions.SqlClient.Tests", "test\AutomationFoundation.Extensions.SqlClient.Tests\AutomationFoundation.Extensions.SqlClient.Tests.csproj", "{3288B904-2B45-4158-B7A1-865A409DB4EA}"
EndProject
Global
	GlobalSection(SolutionConfigurationPlatforms) = preSolution
		Debug|Any CPU = Debug|Any CPU
		Release|Any CPU = Release|Any CPU
	EndGlobalSection
	GlobalSection(ProjectConfigurationPlatforms) = postSolution
		{2A6E0E15-A334-4AAE-A0F4-38C6D08492A4}.Debug|Any CPU.ActiveCfg = Debug|Any CPU
		{2A6E0E15-A334-4AAE-A0F4-38C6D08492A4}.Debug|Any CPU.Build.0 = Debug|Any CPU
		{2A6E0E15-A334-4AAE-A0F4-38C6D08492A4}.Release|Any CPU.ActiveCfg = Release|Any CPU
		{2A6E0E15-A334-4AAE-A0F4-38C6D08492A4}.Release|Any CPU.Build.0 = Release|Any CPU
		{90619238-E346-4E38-B41D-9B23904860AB}.Debug|Any CPU.ActiveCfg = Debug|Any CPU
		{90619238-E346-4E38-B41D-9B23904860AB}.Debug|Any CPU.Build.0 = Debug|Any CPU
		{90619238-E346-4E38-B41D-9B23904860AB}.Release|Any CPU.ActiveCfg = Release|Any CPU
		{90619238-E346-4E38-B41D-9B23904860AB}.Release|Any CPU.Build.0 = Release|Any CPU
		{9254578E-B092-4491-927D-466A5F25C0DD}.Debug|Any CPU.ActiveCfg = Debug|Any CPU
		{9254578E-B092-4491-927D-466A5F25C0DD}.Debug|Any CPU.Build.0 = Debug|Any CPU
		{9254578E-B092-4491-927D-466A5F25C0DD}.Release|Any CPU.ActiveCfg = Release|Any CPU
		{9254578E-B092-4491-927D-466A5F25C0DD}.Release|Any CPU.Build.0 = Release|Any CPU
		{CE7F9941-9EB9-4DE4-848D-3E1C6E2BC41E}.Debug|Any CPU.ActiveCfg = Debug|Any CPU
		{CE7F9941-9EB9-4DE4-848D-3E1C6E2BC41E}.Debug|Any CPU.Build.0 = Debug|Any CPU
		{CE7F9941-9EB9-4DE4-848D-3E1C6E2BC41E}.Release|Any CPU.ActiveCfg = Release|Any CPU
		{CE7F9941-9EB9-4DE4-848D-3E1C6E2BC41E}.Release|Any CPU.Build.0 = Release|Any CPU
		{6B7BEC6B-9BA5-414C-84DF-07F9BEBA278B}.Debug|Any CPU.ActiveCfg = Debug|Any CPU
		{6B7BEC6B-9BA5-414C-84DF-07F9BEBA278B}.Debug|Any CPU.Build.0 = Debug|Any CPU
		{6B7BEC6B-9BA5-414C-84DF-07F9BEBA278B}.Release|Any CPU.ActiveCfg = Release|Any CPU
		{6B7BEC6B-9BA5-414C-84DF-07F9BEBA278B}.Release|Any CPU.Build.0 = Release|Any CPU
		{B180691C-5E67-467C-B699-D2C2161B5D6C}.Debug|Any CPU.ActiveCfg = Debug|Any CPU
		{B180691C-5E67-467C-B699-D2C2161B5D6C}.Debug|Any CPU.Build.0 = Debug|Any CPU
		{B180691C-5E67-467C-B699-D2C2161B5D6C}.Release|Any CPU.ActiveCfg = Release|Any CPU
		{B180691C-5E67-467C-B699-D2C2161B5D6C}.Release|Any CPU.Build.0 = Release|Any CPU
		{A0215706-2D0B-4D06-A4DF-DD4EE540E171}.Debug|Any CPU.ActiveCfg = Debug|Any CPU
		{A0215706-2D0B-4D06-A4DF-DD4EE540E171}.Debug|Any CPU.Build.0 = Debug|Any CPU
		{A0215706-2D0B-4D06-A4DF-DD4EE540E171}.Release|Any CPU.ActiveCfg = Release|Any CPU
		{A0215706-2D0B-4D06-A4DF-DD4EE540E171}.Release|Any CPU.Build.0 = Release|Any CPU
		{26B88F4A-94BD-44EE-A05C-2797C55CFE60}.Debug|Any CPU.ActiveCfg = Debug|Any CPU
		{26B88F4A-94BD-44EE-A05C-2797C55CFE60}.Debug|Any CPU.Build.0 = Debug|Any CPU
		{26B88F4A-94BD-44EE-A05C-2797C55CFE60}.Release|Any CPU.ActiveCfg = Release|Any CPU
		{26B88F4A-94BD-44EE-A05C-2797C55CFE60}.Release|Any CPU.Build.0 = Release|Any CPU
		{F54A3C71-5D1B-44F5-B313-5920CEBBD502}.Debug|Any CPU.ActiveCfg = Debug|Any CPU
		{F54A3C71-5D1B-44F5-B313-5920CEBBD502}.Debug|Any CPU.Build.0 = Debug|Any CPU
		{F54A3C71-5D1B-44F5-B313-5920CEBBD502}.Release|Any CPU.ActiveCfg = Release|Any CPU
		{F54A3C71-5D1B-44F5-B313-5920CEBBD502}.Release|Any CPU.Build.0 = Release|Any CPU
		{3953110A-5625-450E-A9B5-3F1D16D6DFA4}.Debug|Any CPU.ActiveCfg = Debug|Any CPU
		{3953110A-5625-450E-A9B5-3F1D16D6DFA4}.Debug|Any CPU.Build.0 = Debug|Any CPU
		{3953110A-5625-450E-A9B5-3F1D16D6DFA4}.Release|Any CPU.ActiveCfg = Release|Any CPU
		{3953110A-5625-450E-A9B5-3F1D16D6DFA4}.Release|Any CPU.Build.0 = Release|Any CPU
		{04320F2A-E3D9-4E96-86F0-B19A9D123178}.Debug|Any CPU.ActiveCfg = Debug|Any CPU
		{04320F2A-E3D9-4E96-86F0-B19A9D123178}.Debug|Any CPU.Build.0 = Debug|Any CPU
		{04320F2A-E3D9-4E96-86F0-B19A9D123178}.Release|Any CPU.ActiveCfg = Release|Any CPU
		{04320F2A-E3D9-4E96-86F0-B19A9D123178}.Release|Any CPU.Build.0 = Release|Any CPU
		{BF6352DF-B763-434A-981D-A2FF2E2BD178}.Debug|Any CPU.ActiveCfg = Debug|Any CPU
		{BF6352DF-B763-434A-981D-A2FF2E2BD178}.Debug|Any CPU.Build.0 = Debug|Any CPU
		{BF6352DF-B763-434A-981D-A2FF2E2BD178}.Release|Any CPU.ActiveCfg = Release|Any CPU
		{BF6352DF-B763-434A-981D-A2FF2E2BD178}.Release|Any CPU.Build.0 = Release|Any CPU
		{86FB5F41-85DD-43E0-883D-72DB4EBB447C}.Debug|Any CPU.ActiveCfg = Debug|Any CPU
		{86FB5F41-85DD-43E0-883D-72DB4EBB447C}.Debug|Any CPU.Build.0 = Debug|Any CPU
		{86FB5F41-85DD-43E0-883D-72DB4EBB447C}.Release|Any CPU.ActiveCfg = Release|Any CPU
		{86FB5F41-85DD-43E0-883D-72DB4EBB447C}.Release|Any CPU.Build.0 = Release|Any CPU
		{7EF40655-C9A1-4087-B842-A9249DE5C4BF}.Debug|Any CPU.ActiveCfg = Debug|Any CPU
		{7EF40655-C9A1-4087-B842-A9249DE5C4BF}.Debug|Any CPU.Build.0 = Debug|Any CPU
		{7EF40655-C9A1-4087-B842-A9249DE5C4BF}.Release|Any CPU.ActiveCfg = Release|Any CPU
		{7EF40655-C9A1-4087-B842-A9249DE5C4BF}.Release|Any CPU.Build.0 = Release|Any CPU
		{EDDB83DB-C92E-4B53-AA79-F65C86EC8899}.Debug|Any CPU.ActiveCfg = Debug|Any CPU
		{EDDB83DB-C92E-4B53-AA79-F65C86EC8899}.Debug|Any CPU.Build.0 = Debug|Any CPU
		{EDDB83DB-C92E-4B53-AA79-F65C86EC8899}.Release|Any CPU.ActiveCfg = Release|Any CPU
		{EDDB83DB-C92E-4B53-AA79-F65C86EC8899}.Release|Any CPU.Build.0 = Release|Any CPU
		{4D9093D3-FDA1-460E-83B3-599039904376}.Debug|Any CPU.ActiveCfg = Debug|Any CPU
		{4D9093D3-FDA1-460E-83B3-599039904376}.Debug|Any CPU.Build.0 = Debug|Any CPU
		{4D9093D3-FDA1-460E-83B3-599039904376}.Release|Any CPU.ActiveCfg = Release|Any CPU
		{4D9093D3-FDA1-460E-83B3-599039904376}.Release|Any CPU.Build.0 = Release|Any CPU
		{87B0748F-A884-4039-B20B-F1747856C3A4}.Debug|Any CPU.ActiveCfg = Debug|Any CPU
		{87B0748F-A884-4039-B20B-F1747856C3A4}.Debug|Any CPU.Build.0 = Debug|Any CPU
		{87B0748F-A884-4039-B20B-F1747856C3A4}.Release|Any CPU.ActiveCfg = Release|Any CPU
		{87B0748F-A884-4039-B20B-F1747856C3A4}.Release|Any CPU.Build.0 = Release|Any CPU
		{E3D8863F-7547-4436-BE40-A7E776289C34}.Debug|Any CPU.ActiveCfg = Debug|Any CPU
		{E3D8863F-7547-4436-BE40-A7E776289C34}.Debug|Any CPU.Build.0 = Debug|Any CPU
		{E3D8863F-7547-4436-BE40-A7E776289C34}.Release|Any CPU.ActiveCfg = Release|Any CPU
		{E3D8863F-7547-4436-BE40-A7E776289C34}.Release|Any CPU.Build.0 = Release|Any CPU
		{774488CB-BDE3-4914-A08D-5C3EE8B0996C}.Debug|Any CPU.ActiveCfg = Debug|Any CPU
		{774488CB-BDE3-4914-A08D-5C3EE8B0996C}.Debug|Any CPU.Build.0 = Debug|Any CPU
		{774488CB-BDE3-4914-A08D-5C3EE8B0996C}.Release|Any CPU.ActiveCfg = Release|Any CPU
		{774488CB-BDE3-4914-A08D-5C3EE8B0996C}.Release|Any CPU.Build.0 = Release|Any CPU
		{E27F6A61-5F57-4E14-BE89-97DF636A6DD8}.Debug|Any CPU.ActiveCfg = Debug|Any CPU
		{E27F6A61-5F57-4E14-BE89-97DF636A6DD8}.Debug|Any CPU.Build.0 = Debug|Any CPU
		{E27F6A61-5F57-4E14-BE89-97DF636A6DD8}.Release|Any CPU.ActiveCfg = Release|Any CPU
		{E27F6A61-5F57-4E14-BE89-97DF636A6DD8}.Release|Any CPU.Build.0 = Release|Any CPU
		{36B3B648-F07D-4D7D-84E2-D2A8F696AFC3}.Debug|Any CPU.ActiveCfg = Debug|Any CPU
		{36B3B648-F07D-4D7D-84E2-D2A8F696AFC3}.Debug|Any CPU.Build.0 = Debug|Any CPU
		{36B3B648-F07D-4D7D-84E2-D2A8F696AFC3}.Release|Any CPU.ActiveCfg = Release|Any CPU
		{36B3B648-F07D-4D7D-84E2-D2A8F696AFC3}.Release|Any CPU.Build.0 = Release|Any CPU
		{25B2819F-C0E5-4FD3-A8ED-87D04674254C}.Debug|Any CPU.ActiveCfg = Debug|Any CPU
		{25B2819F-C0E5-4FD3-A8ED-87D04674254C}.Debug|Any CPU.Build.0 = Debug|Any CPU
		{25B2819F-C0E5-4FD3-A8ED-87D04674254C}.Release|Any CPU.ActiveCfg = Release|Any CPU
		{25B2819F-C0E5-4FD3-A8ED-87D04674254C}.Release|Any CPU.Build.0 = Release|Any CPU
		{F0EC8C50-509E-4A74-AAA8-81BEBE9A8709}.Debug|Any CPU.ActiveCfg = Debug|Any CPU
		{F0EC8C50-509E-4A74-AAA8-81BEBE9A8709}.Debug|Any CPU.Build.0 = Debug|Any CPU
		{F0EC8C50-509E-4A74-AAA8-81BEBE9A8709}.Release|Any CPU.ActiveCfg = Release|Any CPU
		{F0EC8C50-509E-4A74-AAA8-81BEBE9A8709}.Release|Any CPU.Build.0 = Release|Any CPU
		{7D6618BA-8557-4920-A19D-274D0ED596B5}.Debug|Any CPU.ActiveCfg = Debug|Any CPU
		{7D6618BA-8557-4920-A19D-274D0ED596B5}.Debug|Any CPU.Build.0 = Debug|Any CPU
		{7D6618BA-8557-4920-A19D-274D0ED596B5}.Release|Any CPU.ActiveCfg = Release|Any CPU
		{7D6618BA-8557-4920-A19D-274D0ED596B5}.Release|Any CPU.Build.0 = Release|Any CPU
		{C774CA64-0C8C-4A08-A267-475C76B3B21C}.Debug|Any CPU.ActiveCfg = Debug|Any CPU
		{C774CA64-0C8C-4A08-A267-475C76B3B21C}.Debug|Any CPU.Build.0 = Debug|Any CPU
		{C774CA64-0C8C-4A08-A267-475C76B3B21C}.Release|Any CPU.ActiveCfg = Release|Any CPU
		{C774CA64-0C8C-4A08-A267-475C76B3B21C}.Release|Any CPU.Build.0 = Release|Any CPU
		{203C7051-8ACB-43B1-9FFF-C022939D2AFB}.Debug|Any CPU.ActiveCfg = Debug|Any CPU
		{203C7051-8ACB-43B1-9FFF-C022939D2AFB}.Debug|Any CPU.Build.0 = Debug|Any CPU
		{203C7051-8ACB-43B1-9FFF-C022939D2AFB}.Release|Any CPU.ActiveCfg = Release|Any CPU
		{203C7051-8ACB-43B1-9FFF-C022939D2AFB}.Release|Any CPU.Build.0 = Release|Any CPU
		{3288B904-2B45-4158-B7A1-865A409DB4EA}.Debug|Any CPU.ActiveCfg = Debug|Any CPU
		{3288B904-2B45-4158-B7A1-865A409DB4EA}.Debug|Any CPU.Build.0 = Debug|Any CPU
		{3288B904-2B45-4158-B7A1-865A409DB4EA}.Release|Any CPU.ActiveCfg = Release|Any CPU
		{3288B904-2B45-4158-B7A1-865A409DB4EA}.Release|Any CPU.Build.0 = Release|Any CPU
	EndGlobalSection
	GlobalSection(SolutionProperties) = preSolution
		HideSolutionNode = FALSE
	EndGlobalSection
	GlobalSection(NestedProjects) = preSolution
		{2A6E0E15-A334-4AAE-A0F4-38C6D08492A4} = {FCA4596F-9EC1-4086-8CA1-6F70D0716F49}
		{90619238-E346-4E38-B41D-9B23904860AB} = {7CFB3B8F-7B60-4DBD-9BB5-A4D4F7554A8E}
		{9254578E-B092-4491-927D-466A5F25C0DD} = {7CFB3B8F-7B60-4DBD-9BB5-A4D4F7554A8E}
		{CE7F9941-9EB9-4DE4-848D-3E1C6E2BC41E} = {FCA4596F-9EC1-4086-8CA1-6F70D0716F49}
		{6B7BEC6B-9BA5-414C-84DF-07F9BEBA278B} = {FCA4596F-9EC1-4086-8CA1-6F70D0716F49}
		{B180691C-5E67-467C-B699-D2C2161B5D6C} = {FCA4596F-9EC1-4086-8CA1-6F70D0716F49}
		{A0215706-2D0B-4D06-A4DF-DD4EE540E171} = {FCA4596F-9EC1-4086-8CA1-6F70D0716F49}
		{26B88F4A-94BD-44EE-A05C-2797C55CFE60} = {51336679-9F77-4B62-8A82-F4B875371473}
		{F54A3C71-5D1B-44F5-B313-5920CEBBD502} = {51336679-9F77-4B62-8A82-F4B875371473}
		{3953110A-5625-450E-A9B5-3F1D16D6DFA4} = {51336679-9F77-4B62-8A82-F4B875371473}
		{86FB5F41-85DD-43E0-883D-72DB4EBB447C} = {FCA4596F-9EC1-4086-8CA1-6F70D0716F49}
		{7EF40655-C9A1-4087-B842-A9249DE5C4BF} = {51336679-9F77-4B62-8A82-F4B875371473}
		{EDDB83DB-C92E-4B53-AA79-F65C86EC8899} = {D0129F07-1B9D-46B4-A42A-2000C2F3DBDC}
		{4D9093D3-FDA1-460E-83B3-599039904376} = {D0129F07-1B9D-46B4-A42A-2000C2F3DBDC}
		{87B0748F-A884-4039-B20B-F1747856C3A4} = {51336679-9F77-4B62-8A82-F4B875371473}
		{E3D8863F-7547-4436-BE40-A7E776289C34} = {52B14C67-9A5D-410A-8444-B108FDF50CB3}
		{774488CB-BDE3-4914-A08D-5C3EE8B0996C} = {52B14C67-9A5D-410A-8444-B108FDF50CB3}
		{E27F6A61-5F57-4E14-BE89-97DF636A6DD8} = {52B14C67-9A5D-410A-8444-B108FDF50CB3}
		{36B3B648-F07D-4D7D-84E2-D2A8F696AFC3} = {51336679-9F77-4B62-8A82-F4B875371473}
		{25B2819F-C0E5-4FD3-A8ED-87D04674254C} = {51336679-9F77-4B62-8A82-F4B875371473}
		{F0EC8C50-509E-4A74-AAA8-81BEBE9A8709} = {51336679-9F77-4B62-8A82-F4B875371473}
		{7D6618BA-8557-4920-A19D-274D0ED596B5} = {52B14C67-9A5D-410A-8444-B108FDF50CB3}
		{C774CA64-0C8C-4A08-A267-475C76B3B21C} = {51336679-9F77-4B62-8A82-F4B875371473}
		{203C7051-8ACB-43B1-9FFF-C022939D2AFB} = {52B14C67-9A5D-410A-8444-B108FDF50CB3}
		{3288B904-2B45-4158-B7A1-865A409DB4EA} = {51336679-9F77-4B62-8A82-F4B875371473}
	EndGlobalSection
	GlobalSection(ExtensibilityGlobals) = postSolution
		SolutionGuid = {A5E424F8-8EDD-4829-B7A0-49D3AA7A5AE9}
	EndGlobalSection
EndGlobal
